dependencies:
- name: keda
  repository: https://kedacore.github.io/charts
  version: 2.15.2
- name: cv-tailoring-worker
  repository: file://../cv-tailoring-worker
  version: 0.2.0
- name: cv-tailoring-scout
  repository: file://../cv-tailoring-scout
  version: 0.1.0
- name: cv-tailoring-archiver
  repository: file://../cv-tailoring-archiver
  version: 0.1.0
digest: sha256:682907cd3326f3dba283be9cd40b9ede3d0635d66755c83dfc2a2a03dfeaf7a7
generated: "2026-09-27T11:57:45.9945424+01:00"
